<?xml version="1.0" encoding="utf-8"?>
<Project ToolsVersion="4.0" xmlns="http://schemas.microsoft.com/developer/msbuild/2003">
  <ItemGroup>
    <Filter Include="Source Files">
      <UniqueIdentifier>{4FC737F1-C7A5-4376-A066-2A32D752A2FF}</UniqueIdentifier>
      <Extensions>cpp;c;cc;cxx;def;odl;idl;hpj;bat;asm;asmx</Extensions>
    </Filter>
    <Filter Include="Header Files">
      <UniqueIdentifier>{93995380-89BD-4b04-88EB-625FBE52EBFB}</UniqueIdentifier>
      <Extensions>h;hh;hpp;hxx;hm;inl;inc;xsd</Extensions>
    </Filter>
    <Filter Include="Resource Files">
      <UniqueIdentifier>{67DA6AB6-F800-4c08-8B7A-83BB121AAD01}</UniqueIdentifier>
      <Extensions>rc;ico;cur;bmp;dlg;rc2;rct;bin;rgs;gif;jpg;jpeg;jpe;resx;tiff;tif;png;wav;mfcribbon-ms</Extensions>
    </Filter>
    <Filter Include="Generated Files">
      <UniqueIdentifier>{71ED8ED8-ACB9-4CE9-BBE1-E00B30144E11}</UniqueIdentifier>
      <Extensions>moc;h;cpp</Extensions>
      <ParseFiles>true</ParseFiles>
    </Filter>
    <Filter Include="Generated Files\Debug">
      <UniqueIdentifier>{f26b93cf-50b5-408f-a092-565449987ca5}</UniqueIdentifier>
      <Extensions>cpp;moc</Extensions>
      <SourceControlFiles>False</SourceControlFiles>
    </Filter>
    <Filter Include="UI Files">
      <UniqueIdentifier>{f49605ca-b05a-43fb-976a-bc5a4feb8ee2}</UniqueIdentifier>
      <Extensions>ui</Extensions>
    </Filter>
    <Filter Include="Generated Files\Release">
      <UniqueIdentifier>{70f4c3c5-d99c-417c-b6cb-cc75971ec23e}</UniqueIdentifier>
      <Extensions>cpp;moc</Extensions>
      <SourceControlFiles>False</SourceControlFiles>
    </Filter>
    <Filter Include="Generated Files\Test">
      <UniqueIdentifier>{1ba52e93-dd58-4d15-8d2c-f06868179b04}</UniqueIdentifier>
      <Extensions>cpp;moc</Extensions>
      <SourceControlFiles>False</SourceControlFiles>
    </Filter>
    <Filter Include="Pro Files">
      <UniqueIdentifier>{28a23fdc-c877-4563-ba54-6815cf1801c4}</UniqueIdentifier>
      <Extensions>pro</Extensions>
    </Filter>
  </ItemGroup>
  <ItemGroup>
    <ClCompile Include="..\src\main.cpp">
      <Filter>Source Files</Filter>
    </ClCompile>
    <ClCompile Include="..\src\OverlayManager.cpp">
      <Filter>Source Files</Filter>
    </ClCompile>
    <ClCompile Include="..\src\StaticOverlay.cpp">
      <Filter>Source Files</Filter>
    </ClCompile>
    <ClCompile Include="..\src\WindowOverlay.cpp">
      <Filter>Source Files</Filter>
    </ClCompile>
    <ClCompile Include="..\src\RenderEnvironment.cpp">
      <Filter>Source Files</Filter>
    </ClCompile>
    <ClCompile Include="..\src\OverlayTexture.cpp">
      <Filter>Source Files</Filter>
    </ClCompile>
    <ClCompile Include="..\src\VertexObject.cpp">
      <Filter>Source Files</Filter>
    </ClCompile>
    <ClCompile Include="OverlayManagerFormView.cpp">
      <Filter>Source Files</Filter>
    </ClCompile>
    <ClCompile Include="WindowDescriptor.cpp">
      <Filter>Source Files</Filter>
    </ClCompile>
    <ClCompile Include="main2.cpp">
      <Filter>Source Files</Filter>
    </ClCompile>
    <ClCompile Include="mainwindow.cpp">
      <Filter>Source Files</Filter>
    </ClCompile>
    <ClCompile Include="GeneratedFiles\Debug\moc_mainwindow.cpp">
      <Filter>Generated Files\Debug</Filter>
    </ClCompile>
    <ClCompile Include="GeneratedFiles\Release\moc_mainwindow.cpp">
      <Filter>Generated Files\Release</Filter>
    </ClCompile>
    <ClCompile Include="GeneratedFiles\Test\moc_mainwindow.cpp">
      <Filter>Generated Files\Test</Filter>
    </ClCompile>
    <ClCompile Include="GeneratedFiles\Debug\moc_windowselect.cpp">
      <Filter>Generated Files\Debug</Filter>
    </ClCompile>
    <ClCompile Include="GeneratedFiles\Release\moc_windowselect.cpp">
      <Filter>Generated Files\Release</Filter>
    </ClCompile>
    <ClCompile Include="GeneratedFiles\Test\moc_windowselect.cpp">
      <Filter>Generated Files\Test</Filter>
    </ClCompile>
    <ClCompile Include="windowselect.cpp">
      <Filter>Source Files</Filter>
    </ClCompile>
    <ClCompile Include="GeneratedFiles\Debug\moc_OverlayManager.cpp">
      <Filter>Generated Files\Debug</Filter>
    </ClCompile>
    <ClCompile Include="GeneratedFiles\Release\moc_OverlayManager.cpp">
      <Filter>Generated Files\Release</Filter>
    </ClCompile>
    <ClCompile Include="GeneratedFiles\Test\moc_OverlayManager.cpp">
      <Filter>Generated Files\Test</Filter>
    </ClCompile>
  </ItemGroup>
  <ItemGroup>
    <ResourceCompile Include="UniversalVROverlay.rc">
      <Filter>Resource Files</Filter>
    </ResourceCompile>
  </ItemGroup>
  <ItemGroup>
    <CustomBuild Include="ClassDiagram.cd" />
    <CustomBuild Include="..\inc\RenderEnvironment.h">
      <Filter>Header Files</Filter>
    </CustomBuild>
    <CustomBuild Include="..\inc\OverlayTexture.h">
      <Filter>Header Files</Filter>
    </CustomBuild>
    <CustomBuild Include="..\inc\Overlay.h">
      <Filter>Header Files</Filter>
    </CustomBuild>
    <CustomBuild Include="..\inc\OverlayManager.h">
      <Filter>Header Files</Filter>
    </CustomBuild>
    <CustomBuild Include="..\inc\resources.h">
      <Filter>Header Files</Filter>
    </CustomBuild>
    <CustomBuild Include="..\inc\StaticOverlay.h">
      <Filter>Header Files</Filter>
    </CustomBuild>
    <CustomBuild Include="..\inc\VertexObject.h">
      <Filter>Header Files</Filter>
    </CustomBuild>
    <CustomBuild Include="..\inc\WindowOverlay.h">
      <Filter>Header Files</Filter>
    </CustomBuild>
    <CustomBuild Include="OverlayManagerFormView.h">
      <Filter>Header Files</Filter>
    </CustomBuild>
    <CustomBuild Include="resource.h">
      <Filter>Header Files</Filter>
    </CustomBuild>
    <CustomBuild Include="stdafx.h">
      <Filter>Header Files</Filter>
    </CustomBuild>
    <CustomBuild Include="WindowDescriptor.h">
      <Filter>Header Files</Filter>
    </CustomBuild>
    <CustomBuild Include="mainwindow.ui">
      <Filter>UI Files</Filter>
    </CustomBuild>
    <CustomBuild Include="mainwindow.h">
      <Filter>Header Files</Filter>
    </CustomBuild>
    <CustomBuild Include="windowselect.h">
      <Filter>Header Files</Filter>
    </CustomBuild>
    <CustomBuild Include="windowselect.ui">
      <Filter>UI Files</Filter>
    </CustomBuild>
  </ItemGroup>
  <ItemGroup>
    <ClInclude Include="GeneratedFiles\ui_mainwindow.h">
      <Filter>Generated Files</Filter>
    </ClInclude>
    <ClInclude Include="GeneratedFiles\ui_windowselect.h">
      <Filter>Generated Files</Filter>
    </ClInclude>
  </ItemGroup>
  <ItemGroup>
    <None Include="UniversalVROverlay.pro">
      <Filter>Pro Files</Filter>
    </None>
    <None Include="UniversalVROverlay.pri">
      <Filter>Pro Files</Filter>
    </None>
  </ItemGroup>
</Project>